
Microsoft Visual Studio Solution File, Format Version 12.00
# Visual Studio Version 17
VisualStudioVersion = 17.7.34202.233
MinimumVisualStudioVersion = 10.0.40219.1
Project("{FAE04EC0-301F-11D3-BF4B-00C04F79EFBC}") = "ILU7_3", "ILU7_3\ILU7_3.csproj", "{A1CCC585-3D57-4E5E-9C3A-F5D4383BC2A1}"
EndProject
Global
	GlobalSection(SolutionConfigurationPlatforms) = preSolution
		Debug|Any CPU = Debug|Any CPU
		Release|Any CPU = Release|Any CPU
	EndGlobalSection
	GlobalSection(ProjectConfigurationPlatforms) = postSolution
		{A1CCC585-3D57-4E5E-9C3A-F5D4383BC2A1}.Debug|Any CPU.ActiveCfg = Debug|Any CPU
		{A1CCC585-3D57-4E5E-9C3A-F5D4383BC2A1}.Debug|Any CPU.Build.0 = Debug|Any CPU
		{A1CCC585-3D57-4E5E-9C3A-F5D4383BC2A1}.Release|Any CPU.ActiveCfg = Release|Any CPU
		{A1CCC585-3D57-4E5E-9C3A-F5D4383BC2A1}.Release|Any CPU.Build.0 = Release|Any CPU
	EndGlobalSection
	GlobalSection(SolutionProperties) = preSolution
		HideSolutionNode = FALSE
	EndGlobalSection
	GlobalSection(ExtensibilityGlobals) = postSolution
		SolutionGuid = {24A7B62D-A824-4021-BFE3-F4F0BBB422E7}
	EndGlobalSection
EndGlobal
